{
  "name": "app",
  "version": "0.1.0",
  "lockfileVersion": 1,
  "requires": true,
  "dependencies": {
    "@types/prop-types": {
      "version": "15.7.1",
      "resolved": "https://registry.npmjs.org/@types/prop-types/-/prop-types-15.7.1.tgz",
      "integrity": "sha512-CFzn9idOEpHrgdw8JsoTkaDDyRWk1jrzIV8djzcgpq0y9tG4B4lFT+Nxh52DVpDXV+n4+NPNv7M1Dj5uMp6XFg==",
      "dev": true
    },
    "@types/react-native": {
      "version": "0.60.9",
      "resolved": "https://registry.npmjs.org/@types/react-native/-/react-native-0.60.9.tgz",
      "integrity": "sha512-fsceCFV6UQOoQ/DzLS0ya82mZdGmUhMvkkVIq3pjMmxcxR6ENb0noPw6ssE4aVx61J6ukth+MT2PNFgy6eQ9iQ==",
      "dev": true,
      "requires": {
        "@types/prop-types": "15.7.1",
        "@types/react": "16.9.2"
      },
      "dependencies": {
        "@types/react": {
          "version": "16.9.2",
          "resolved": "https://registry.npmjs.org/@types/react/-/react-16.9.2.tgz",
          "integrity": "sha512-jYP2LWwlh+FTqGd9v7ynUKZzjj98T8x7Yclz479QdRhHfuW9yQ+0jjnD31eXSXutmBpppj5PYNLYLRfnZJvcfg==",
          "dev": true,
          "requires": {
            "@types/prop-types": "15.7.1",
            "csstype": "2.6.6"
          }
        }
      }
    },
    "@types/styled-components": {
      "version": "4.1.18",
      "resolved": "https://registry.npmjs.org/@types/styled-components/-/styled-components-4.1.18.tgz",
      "integrity": "sha512-VrHkgvjbxQXOw0xWSUckusUUZ4y/jqN1u7kF29ngh0oE6uOrlZHleTgqeUqylQqHQIeQ8MxFb50BRHy8ju5DHg==",
      "dev": true,
      "requires": {
        "@types/react": "16.9.2",
        "@types/react-native": "0.60.9",
        "csstype": "2.6.6"
      },
      "dependencies": {
        "@types/react": {
          "version": "16.9.2",
          "resolved": "https://registry.npmjs.org/@types/react/-/react-16.9.2.tgz",
          "integrity": "sha512-jYP2LWwlh+FTqGd9v7ynUKZzjj98T8x7Yclz479QdRhHfuW9yQ+0jjnD31eXSXutmBpppj5PYNLYLRfnZJvcfg==",
          "dev": true,
          "requires": {
            "@types/prop-types": "15.7.1",
            "csstype": "2.6.6"
          }
        }
      }
    },
    "csstype": {
      "version": "2.6.6",
      "resolved": "https://registry.npmjs.org/csstype/-/csstype-2.6.6.tgz",
      "integrity": "sha512-RpFbQGUE74iyPgvr46U9t1xoQBM8T4BL8SxrN66Le2xYAPSaDJJKeztV3awugusb3g3G9iL8StmkBBXhcbbXhg==",
      "dev": true
    }
  }
}
